lockfileVersion: '9.0'

settings:
  autoInstallPeers: true
  excludeLinksFromLockfile: false

importers:

  .:
    devDependencies:
      '@types/yup':
        specifier: 0.29.14
        version: 0.29.14

packages:

  '@types/yup@0.29.14':
    resolution: {integrity: sha512-Ynb/CjHhE/Xp/4bhHmQC4U1Ox+I2OpfRYF3dnNgQqn1cHa6LK3H1wJMNPT02tSVZA6FYuXE2ITORfbnb6zBCSA==}

snapshots:

  '@types/yup@0.29.14': {}
